// !$*UTF8*$!
{
	archiveVersion = 1;
	classes = {
	};
	objectVersion = 52;
	objects = {

/* Begin PBXBuildFile section */
		2D201B92242A8FD400BAD11F /* RxSwift in Frameworks */ = {isa = PBXBuildFile; productRef = 2D201B91242A8FD400BAD11F /* RxSwift */; };
		2D201B94242A8FD400BAD11F /* RxCocoa in Frameworks */ = {isa = PBXBuildFile; productRef = 2D201B93242A8FD400BAD11F /* RxCocoa */; };
		2D201B97242A904D00BAD11F /* Moya in Frameworks */ = {isa = PBXBuildFile; productRef = 2D201B96242A904D00BAD11F /* Moya */; };
		2D201B99242A904D00BAD11F /* RxMoya in Frameworks */ = {isa = PBXBuildFile; productRef = 2D201B98242A904D00BAD11F /* RxMoya */; };
		2D201B9E242A907400BAD11F /* RecipeService.swift in Sources */ = {isa = PBXBuildFile; fileRef = 2D201B9D242A907400BAD11F /* RecipeService.swift */; };
		2D33C50F242AD018006BFF8E /* RecipeViewModel.swift in Sources */ = {isa = PBXBuildFile; fileRef = 2D33C50E242AD018006BFF8E /* RecipeViewModel.swift */; };
		2DAA8B5E242B9F7900D682E0 /* HistoryViewController.swift in Sources */ = {isa = PBXBuildFile; fileRef = 2DAA8B5D242B9F7900D682E0 /* HistoryViewController.swift */; };
		2DAA8B60242BA54C00D682E0 /* IngredientCell.swift in Sources */ = {isa = PBXBuildFile; fileRef = 2DAA8B5F242BA54C00D682E0 /* IngredientCell.swift */; };
		2DAA8B63242BB1AA00D682E0 /* ViewModelBlueprint.swift in Sources */ = {isa = PBXBuildFile; fileRef = 2DAA8B62242BB1AA00D682E0 /* ViewModelBlueprint.swift */; };
		2DAA8B66242BB1C500D682E0 /* RecipeError.swift in Sources */ = {isa = PBXBuildFile; fileRef = 2DAA8B65242BB1C500D682E0 /* RecipeError.swift */; };
		2DAA8B69242BB34100D682E0 /* recipes.json in Resources */ = {isa = PBXBuildFile; fileRef = 2DAA8B68242BB34100D682E0 /* recipes.json */; };
		2DAA8B6B242BB41700D682E0 /* RecipeCellTests.swift in Sources */ = {isa = PBXBuildFile; fileRef = 2DAA8B6A242BB41700D682E0 /* RecipeCellTests.swift */; };
		2DAA8B7C242CD5EE00D682E0 /* RxBlocking in Frameworks */ = {isa = PBXBuildFile; productRef = 2DAA8B7B242CD5EE00D682E0 /* RxBlocking */; };
		2DAA8B7E242CD5EE00D682E0 /* RxTest in Frameworks */ = {isa = PBXBuildFile; productRef = 2DAA8B7D242CD5EE00D682E0 /* RxTest */; };
		2DAB22F6242A8976001C0F6E /* AppDelegate.swift in Sources */ = {isa = PBXBuildFile; fileRef = 2DAB22F5242A8976001C0F6E /* AppDelegate.swift */; };
		2DAB22F8242A8976001C0F6E /* SceneDelegate.swift in Sources */ = {isa = PBXBuildFile; fileRef = 2DAB22F7242A8976001C0F6E /* SceneDelegate.swift */; };
		2DAB22FA242A8976001C0F6E /* RecipeViewController.swift in Sources */ = {isa = PBXBuildFile; fileRef = 2DAB22F9242A8976001C0F6E /* RecipeViewController.swift */; };
		2DAB22FD242A8976001C0F6E /* Main.storyboard in Resources */ = {isa = PBXBuildFile; fileRef = 2DAB22FB242A8976001C0F6E /* Main.storyboard */; };
		2DAB22FF242A8978001C0F6E /* Assets.xcassets in Resources */ = {isa = PBXBuildFile; fileRef = 2DAB22FE242A8978001C0F6E /* Assets.xcassets */; };
		2DAB2302242A8978001C0F6E /* LaunchScreen.storyboard in Resources */ = {isa = PBXBuildFile; fileRef = 2DAB2300242A8978001C0F6E /* LaunchScreen.storyboard */; };
		2DAB230D242A8978001C0F6E /* RecipeViewModelTests.swift in Sources */ = {isa = PBXBuildFile; fileRef = 2DAB230C242A8978001C0F6E /* RecipeViewModelTests.swift */; };
		2DAB231C242A8C63001C0F6E /* RecipeCell.swift in Sources */ = {isa = PBXBuildFile; fileRef = 2DAB231B242A8C63001C0F6E /* RecipeCell.swift */; };
		2DAB231E242A8CEC001C0F6E /* Recipe.swift in Sources */ = {isa = PBXBuildFile; fileRef = 2DAB231D242A8CEC001C0F6E /* Recipe.swift */; };
/* End PBXBuildFile section */

/* Begin PBXContainerItemProxy section */
		2DAB2309242A8978001C0F6E /* PBXContainerItemProxy */ = {
			isa = PBXContainerItemProxy;
			containerPortal = 2DAB22EA242A8976001C0F6E /* Project object */;
			proxyType = 1;
			remoteGlobalIDString = 2DAB22F1242A8976001C0F6E;
			remoteInfo = "FoodieSearch-rx";
		};
/* End PBXContainerItemProxy section */

/* Begin PBXFileReference section */
		2D201B9D242A907400BAD11F /* RecipeService.swift */ = {isa = PBXFileReference; lastKnownFileType = sourcecode.swift; path = RecipeService.swift; sourceTree = "<group>"; };
		2D33C50E242AD018006BFF8E /* RecipeViewModel.swift */ = {isa = PBXFileReference; lastKnownFileType = sourcecode.swift; path = RecipeViewModel.swift; sourceTree = "<group>"; };
		2DAA8B5D242B9F7900D682E0 /* HistoryViewController.swift */ = {isa = PBXFileReference; lastKnownFileType = sourcecode.swift; path = HistoryViewController.swift; sourceTree = "<group>"; };
		2DAA8B5F242BA54C00D682E0 /* IngredientCell.swift */ = {isa = PBXFileReference; lastKnownFileType = sourcecode.swift; path = IngredientCell.swift; sourceTree = "<group>"; };
		2DAA8B62242BB1AA00D682E0 /* ViewModelBlueprint.swift */ = {isa = PBXFileReference; lastKnownFileType = sourcecode.swift; path = ViewModelBlueprint.swift; sourceTree = "<group>"; };
		2DAA8B65242BB1C500D682E0 /* RecipeError.swift */ = {isa = PBXFileReference; lastKnownFileType = sourcecode.swift; path = RecipeError.swift; sourceTree = "<group>"; };
		2DAA8B68242BB34100D682E0 /* recipes.json */ = {isa = PBXFileReference; lastKnownFileType = text.json; path = recipes.json; sourceTree = "<group>"; };
		2DAA8B6A242BB41700D682E0 /* RecipeCellTests.swift */ = {isa = PBXFileReference; lastKnownFileType = sourcecode.swift; path = RecipeCellTests.swift; sourceTree = "<group>"; };
		2DAB22F2242A8976001C0F6E /* FoodieSearch-rx.app */ = {isa = PBXFileReference; explicitFileType = wrapper.application; includeInIndex = 0; path = "FoodieSearch-rx.app"; sourceTree = BUILT_PRODUCTS_DIR; };
		2DAB22F5242A8976001C0F6E /* AppDelegate.swift */ = {isa = PBXFileReference; lastKnownFileType = sourcecode.swift; path = AppDelegate.swift; sourceTree = "<group>"; };
		2DAB22F7242A8976001C0F6E /* SceneDelegate.swift */ = {isa = PBXFileReference; lastKnownFileType = sourcecode.swift; path = SceneDelegate.swift; sourceTree = "<group>"; };
		2DAB22F9242A8976001C0F6E /* RecipeViewController.swift */ = {isa = PBXFileReference; lastKnownFileType = sourcecode.swift; path = RecipeViewController.swift; sourceTree = "<group>"; };
		2DAB22FC242A8976001C0F6E /* Base */ = {isa = PBXFileReference; lastKnownFileType = file.storyboard; name = Base; path = Base.lproj/Main.storyboard; sourceTree = "<group>"; };
		2DAB22FE242A8978001C0F6E /* Assets.xcassets */ = {isa = PBXFileReference; lastKnownFileType = folder.assetcatalog; path = Assets.xcassets; sourceTree = "<group>"; };
		2DAB2301242A8978001C0F6E /* Base */ = {isa = PBXFileReference; lastKnownFileType = file.storyboard; name = Base; path = Base.lproj/LaunchScreen.storyboard; sourceTree = "<group>"; };
		2DAB2303242A8978001C0F6E /* Info.plist */ = {isa = PBXFileReference; lastKnownFileType = text.plist.xml; path = Info.plist; sourceTree = "<group>"; };
		2DAB2308242A8978001C0F6E /* FoodieSearch-rxTests.xctest */ = {isa = PBXFileReference; explicitFileType = wrapper.cfbundle; includeInIndex = 0; path = "FoodieSearch-rxTests.xctest"; sourceTree = BUILT_PRODUCTS_DIR; };
		2DAB230C242A8978001C0F6E /* RecipeViewModelTests.swift */ = {isa = PBXFileReference; lastKnownFileType = sourcecode.swift; path = RecipeViewModelTests.swift; sourceTree = "<group>"; };
		2DAB230E242A8978001C0F6E /* Info.plist */ = {isa = PBXFileReference; lastKnownFileType = text.plist.xml; path = Info.plist; sourceTree = "<group>"; };
		2DAB231B242A8C63001C0F6E /* RecipeCell.swift */ = {isa = PBXFileReference; lastKnownFileType = sourcecode.swift; path = RecipeCell.swift; sourceTree = "<group>"; };
		2DAB231D242A8CEC001C0F6E /* Recipe.swift */ = {isa = PBXFileReference; lastKnownFileType = sourcecode.swift; path = Recipe.swift; sourceTree = "<group>"; };
/* End PBXFileReference section */

/* Begin PBXFrameworksBuildPhase section */
		2DAB22EF242A8976001C0F6E /* Frameworks */ = {
			isa = PBXFrameworksBuildPhase;
			buildActionMask = 2147483647;
			files = (
				2D201B94242A8FD400BAD11F /* RxCocoa in Frameworks */,
				2D201B92242A8FD400BAD11F /* RxSwift in Frameworks */,
				2D201B99242A904D00BAD11F /* RxMoya in Frameworks */,
				2D201B97242A904D00BAD11F /* Moya in Frameworks */,
				2DAA8B7E242CD5EE00D682E0 /* RxTest in Frameworks */,
				2DAA8B7C242CD5EE00D682E0 /* RxBlocking in Frameworks */,
			);
			runOnlyForDeploymentPostprocessing = 0;
		};
		2DAB2305242A8978001C0F6E /* Frameworks */ = {
			isa = PBXFrameworksBuildPhase;
			buildActionMask = 2147483647;
			files = (
			);
			runOnlyForDeploymentPostprocessing = 0;
		};
/* End PBXFrameworksBuildPhase section */

/* Begin PBXGroup section */
		2D201B9A242A905B00BAD11F /* Networking */ = {
			isa = PBXGroup;
			children = (
				2D201B9D242A907400BAD11F /* RecipeService.swift */,
			);
			path = Networking;
			sourceTree = "<group>";
		};
		2DAA8B61242BB19D00D682E0 /* Protocols */ = {
			isa = PBXGroup;
			children = (
				2DAA8B62242BB1AA00D682E0 /* ViewModelBlueprint.swift */,
			);
			path = Protocols;
			sourceTree = "<group>";
		};
		2DAA8B64242BB1BC00D682E0 /* Errors */ = {
			isa = PBXGroup;
			children = (
				2DAA8B65242BB1C500D682E0 /* RecipeError.swift */,
			);
			path = Errors;
			sourceTree = "<group>";
		};
		2DAA8B67242BB32E00D682E0 /* Fixtures */ = {
			isa = PBXGroup;
			children = (
				2DAA8B68242BB34100D682E0 /* recipes.json */,
			);
			path = Fixtures;
			sourceTree = "<group>";
		};
		2DAA8B72242CD11500D682E0 /* Frameworks */ = {
			isa = PBXGroup;
			children = (
			);
			name = Frameworks;
			sourceTree = "<group>";
		};
		2DAB22E9242A8976001C0F6E = {
			isa = PBXGroup;
			children = (
				2DAB22F4242A8976001C0F6E /* FoodieSearch-rx */,
				2DAB230B242A8978001C0F6E /* FoodieSearch-rxTests */,
				2DAB22F3242A8976001C0F6E /* Products */,
				2DAA8B72242CD11500D682E0 /* Frameworks */,
			);
			sourceTree = "<group>";
		};
		2DAB22F3242A8976001C0F6E /* Products */ = {
			isa = PBXGroup;
			children = (
				2DAB22F2242A8976001C0F6E /* FoodieSearch-rx.app */,
				2DAB2308242A8978001C0F6E /* FoodieSearch-rxTests.xctest */,
			);
			name = Products;
			sourceTree = "<group>";
		};
		2DAB22F4242A8976001C0F6E /* FoodieSearch-rx */ = {
			isa = PBXGroup;
			children = (
				2DAA8B64242BB1BC00D682E0 /* Errors */,
				2DAA8B61242BB19D00D682E0 /* Protocols */,
				2D201B9A242A905B00BAD11F /* Networking */,
				2DAB2317242A8C29001C0F6E /* Model */,
				2DAB2318242A8C31001C0F6E /* View */,
				2DAB2319242A8C37001C0F6E /* ViewModel */,
				2DAB231A242A8C3F001C0F6E /* Controller */,
				2DAB22FB242A8976001C0F6E /* Main.storyboard */,
				2DAB22FE242A8978001C0F6E /* Assets.xcassets */,
				2DAB2300242A8978001C0F6E /* LaunchScreen.storyboard */,
				2DAB22F5242A8976001C0F6E /* AppDelegate.swift */,
				2DAB22F7242A8976001C0F6E /* SceneDelegate.swift */,
				2DAB2303242A8978001C0F6E /* Info.plist */,
			);
			path = "FoodieSearch-rx";
			sourceTree = "<group>";
		};
		2DAB230B242A8978001C0F6E /* FoodieSearch-rxTests */ = {
			isa = PBXGroup;
			children = (
				2DAB230C242A8978001C0F6E /* RecipeViewModelTests.swift */,
				2DAA8B6A242BB41700D682E0 /* RecipeCellTests.swift */,
				2DAA8B67242BB32E00D682E0 /* Fixtures */,
				2DAB230E242A8978001C0F6E /* Info.plist */,
			);
			path = "FoodieSearch-rxTests";
			sourceTree = "<group>";
		};
		2DAB2317242A8C29001C0F6E /* Model */ = {
			isa = PBXGroup;
			children = (
				2DAB231D242A8CEC001C0F6E /* Recipe.swift */,
			);
			path = Model;
			sourceTree = "<group>";
		};
		2DAB2318242A8C31001C0F6E /* View */ = {
			isa = PBXGroup;
			children = (
				2DAB231B242A8C63001C0F6E /* RecipeCell.swift */,
				2DAA8B5F242BA54C00D682E0 /* IngredientCell.swift */,
			);
			path = View;
			sourceTree = "<group>";
		};
		2DAB2319242A8C37001C0F6E /* ViewModel */ = {
			isa = PBXGroup;
			children = (
				2D33C50E242AD018006BFF8E /* RecipeViewModel.swift */,
			);
			path = ViewModel;
			sourceTree = "<group>";
		};
		2DAB231A242A8C3F001C0F6E /* Controller */ = {
			isa = PBXGroup;
			children = (
				2DAB22F9242A8976001C0F6E /* RecipeViewController.swift */,
				2DAA8B5D242B9F7900D682E0 /* HistoryViewController.swift */,
			);
			path = Controller;
			sourceTree = "<group>";
		};
/* End PBXGroup section */

/* Begin PBXNativeTarget section */
		2DAB22F1242A8976001C0F6E /* FoodieSearch-rx */ = {
			isa = PBXNativeTarget;
			buildConfigurationList = 2DAB2311242A8978001C0F6E /* Build configuration list for PBXNativeTarget "FoodieSearch-rx" */;
			buildPhases = (
				2DAB22EE242A8976001C0F6E /* Sources */,
				2DAB22EF242A8976001C0F6E /* Frameworks */,
				2DAB22F0242A8976001C0F6E /* Resources */,
			);
			buildRules = (
			);
			dependencies = (
			);
			name = "FoodieSearch-rx";
			packageProductDependencies = (
				2D201B91242A8FD400BAD11F /* RxSwift */,
				2D201B93242A8FD400BAD11F /* RxCocoa */,
				2D201B96242A904D00BAD11F /* Moya */,
				2D201B98242A904D00BAD11F /* RxMoya */,
				2DAA8B7B242CD5EE00D682E0 /* RxBlocking */,
				2DAA8B7D242CD5EE00D682E0 /* RxTest */,
			);
			productName = "FoodieSearch-rx";
			productReference = 2DAB22F2242A8976001C0F6E /* FoodieSearch-rx.app */;
			productType = "com.apple.product-type.application";
		};
		2DAB2307242A8978001C0F6E /* FoodieSearch-rxTests */ = {
			isa = PBXNativeTarget;
			buildConfigurationList = 2DAB2314242A8978001C0F6E /* Build configuration list for PBXNativeTarget "FoodieSearch-rxTests" */;
			buildPhases = (
				2DAB2304242A8978001C0F6E /* Sources */,
				2DAB2305242A8978001C0F6E /* Frameworks */,
				2DAB2306242A8978001C0F6E /* Resources */,
			);
			buildRules = (
			);
			dependencies = (
				2DAB230A242A8978001C0F6E /* PBXTargetDependency */,
			);
			name = "FoodieSearch-rxTests";
			packageProductDependencies = (
			);
			productName = "FoodieSearch-rxTests";
			productReference = 2DAB2308242A8978001C0F6E /* FoodieSearch-rxTests.xctest */;
			productType = "com.apple.product-type.bundle.unit-test";
		};
/* End PBXNativeTarget section */

/* Begin PBXProject section */
		2DAB22EA242A8976001C0F6E /* Project object */ = {
			isa = PBXProject;
			attributes = {
				LastSwiftUpdateCheck = 1130;
				LastUpgradeCheck = 1130;
				ORGANIZATIONNAME = "Christian Leovido";
				TargetAttributes = {
					2DAB22F1242A8976001C0F6E = {
						CreatedOnToolsVersion = 11.3.1;
					};
					2DAB2307242A8978001C0F6E = {
						CreatedOnToolsVersion = 11.3.1;
						TestTargetID = 2DAB22F1242A8976001C0F6E;
					};
				};
			};
			buildConfigurationList = 2DAB22ED242A8976001C0F6E /* Build configuration list for PBXProject "FoodieSearch-rx" */;
			compatibilityVersion = "Xcode 9.3";
			developmentRegion = en;
			hasScannedForEncodings = 0;
			knownRegions = (
				en,
				Base,
			);
			mainGroup = 2DAB22E9242A8976001C0F6E;
			packageReferences = (
				2D201B90242A8FD400BAD11F /* XCRemoteSwiftPackageReference "RxSwift" */,
				2D201B95242A904D00BAD11F /* XCRemoteSwiftPackageReference "Moya" */,
			);
			productRefGroup = 2DAB22F3242A8976001C0F6E /* Products */;
			projectDirPath = "";
			projectRoot = "";
			targets = (
				2DAB22F1242A8976001C0F6E /* FoodieSearch-rx */,
				2DAB2307242A8978001C0F6E /* FoodieSearch-rxTests */,
			);
		};
/* End PBXProject section */

/* Begin PBXResourcesBuildPhase section */
		2DAB22F0242A8976001C0F6E /* Resources */ = {
			isa = PBXResourcesBuildPhase;
			buildActionMask = 2147483647;
			files = (
				2DAB2302242A8978001C0F6E /* LaunchScreen.storyboard in Resources */,
				2DAB22FF242A8978001C0F6E /* Assets.xcassets in Resources */,
				2DAB22FD242A8976001C0F6E /* Main.storyboard in Resources */,
			);
			runOnlyForDeploymentPostprocessing = 0;
		};
		2DAB2306242A8978001C0F6E /* Resources */ = {
			isa = PBXResourcesBuildPhase;
			buildActionMask = 2147483647;
			files = (
				2DAA8B69242BB34100D682E0 /* recipes.json in Resources */,
			);
			runOnlyForDeploymentPostprocessing = 0;
		};
/* End PBXResourcesBuildPhase section */

/* Begin PBXSourcesBuildPhase section */
		2DAB22EE242A8976001C0F6E /* Sources */ = {
			isa = PBXSourcesBuildPhase;
			buildActionMask = 2147483647;
			files = (
				2DAB22FA242A8976001C0F6E /* RecipeViewController.swift in Sources */,
				2DAB22F6242A8976001C0F6E /* AppDelegate.swift in Sources */,
				2DAA8B63242BB1AA00D682E0 /* ViewModelBlueprint.swift in Sources */,
				2DAA8B60242BA54C00D682E0 /* IngredientCell.swift in Sources */,
				2D201B9E242A907400BAD11F /* RecipeService.swift in Sources */,
				2DAB22F8242A8976001C0F6E /* SceneDelegate.swift in Sources */,
				2DAA8B66242BB1C500D682E0 /* RecipeError.swift in Sources */,
				2D33C50F242AD018006BFF8E /* RecipeViewModel.swift in Sources */,
				2DAB231C242A8C63001C0F6E /* RecipeCell.swift in Sources */,
				2DAB231E242A8CEC001C0F6E /* Recipe.swift in Sources */,
				2DAA8B5E242B9F7900D682E0 /* HistoryViewController.swift in Sources */,
			);
			runOnlyForDeploymentPostprocessing = 0;
		};
		2DAB2304242A8978001C0F6E /* Sources */ = {
			isa = PBXSourcesBuildPhase;
			buildActionMask = 2147483647;
			files = (
				2DAB230D242A8978001C0F6E /* RecipeViewModelTests.swift in Sources */,
				2DAA8B6B242BB41700D682E0 /* RecipeCellTests.swift in Sources */,
			);
			runOnlyForDeploymentPostprocessing = 0;
		};
/* End PBXSourcesBuildPhase section */

/* Begin PBXTargetDependency section */
		2DAB230A242A8978001C0F6E /* PBXTargetDependency */ = {
			isa = PBXTargetDependency;
			target = 2DAB22F1242A8976001C0F6E /* FoodieSearch-rx */;
			targetProxy = 2DAB2309242A8978001C0F6E /* PBXContainerItemProxy */;
		};
/* End PBXTargetDependency section */

/* Begin PBXVariantGroup section */
		2DAB22FB242A8976001C0F6E /* Main.storyboard */ = {
			isa = PBXVariantGroup;
			children = (
				2DAB22FC242A8976001C0F6E /* Base */,
			);
			name = Main.storyboard;
			sourceTree = "<group>";
		};
		2DAB2300242A8978001C0F6E /* LaunchScreen.storyboard */ = {
			isa = PBXVariantGroup;
			children = (
				2DAB2301242A8978001C0F6E /* Base */,
			);
			name = LaunchScreen.storyboard;
			sourceTree = "<group>";
		};
/* End PBXVariantGroup section */

/* Begin XCBuildConfiguration section */
		2DAB230F242A8978001C0F6E /* Debug */ = {
			isa = XCBuildConfiguration;
			buildSettings = {
				ALWAYS_SEARCH_USER_PATHS = NO;
				CLANG_ANALYZER_NONNULL = YES;
				CLANG_ANALYZER_NUMBER_OBJECT_CONVERSION = YES_AGGRESSIVE;
				CLANG_CXX_LANGUAGE_STANDARD = "gnu++14";
				CLANG_CXX_LIBRARY = "libc++";
				CLANG_ENABLE_MODULES = YES;
				CLANG_ENABLE_OBJC_ARC = YES;
				CLANG_ENABLE_OBJC_WEAK = YES;
				CLANG_WARN_BLOCK_CAPTURE_AUTORELEASING = YES;
				CLANG_WARN_BOOL_CONVERSION = YES;
				CLANG_WARN_COMMA = YES;
				CLANG_WARN_CONSTANT_CONVERSION = YES;
				CLANG_WARN_DEPRECATED_OBJC_IMPLEMENTATIONS = YES;
				CLANG_WARN_DIRECT_OBJC_ISA_USAGE = YES_ERROR;
				CLANG_WARN_DOCUMENTATION_COMMENTS = YES;
				CLANG_WARN_EMPTY_BODY = YES;
				CLANG_WARN_ENUM_CONVERSION = YES;
				CLANG_WARN_INFINITE_RECURSION = YES;
				CLANG_WARN_INT_CONVERSION = YES;
				CLANG_WARN_NON_LITERAL_NULL_CONVERSION = YES;
				CLANG_WARN_OBJC_IMPLICIT_RETAIN_SELF = YES;
				CLANG_WARN_OBJC_LITERAL_CONVERSION = YES;
				CLANG_WARN_OBJC_ROOT_CLASS = YES_ERROR;
				CLANG_WARN_RANGE_LOOP_ANALYSIS = YES;
				CLANG_WARN_STRICT_PROTOTYPES = YES;
				CLANG_WARN_SUSPICIOUS_MOVE = YES;
				CLANG_WARN_UNGUARDED_AVAILABILITY = YES_AGGRESSIVE;
				CLANG_WARN_UNREACHABLE_CODE = YES;
				CLANG_WARN__DUPLICATE_METHOD_MATCH = YES;
				COPY_PHASE_STRIP = NO;
				DEBUG_INFORMATION_FORMAT = dwarf;
				ENABLE_STRICT_OBJC_MSGSEND = YES;
				ENABLE_TESTABILITY = YES;
				GCC_C_LANGUAGE_STANDARD = gnu11;
				GCC_DYNAMIC_NO_PIC = NO;
				GCC_NO_COMMON_BLOCKS = YES;
				GCC_OPTIMIZATION_LEVEL = 0;
				GCC_PREPROCESSOR_DEFINITIONS = (
					"DEBUG=1",
					"$(inherited)",
				);
				GCC_WARN_64_TO_32_BIT_CONVERSION = YES;
				GCC_WARN_ABOUT_RETURN_TYPE = YES_ERROR;
				GCC_WARN_UNDECLARED_SELECTOR = YES;
				GCC_WARN_UNINITIALIZED_AUTOS = YES_AGGRESSIVE;
				GCC_WARN_UNUSED_FUNCTION = YES;
				GCC_WARN_UNUSED_VARIABLE = YES;
				IPHONEOS_DEPLOYMENT_TARGET = 13.2;
				MTL_ENABLE_DEBUG_INFO = INCLUDE_SOURCE;
				MTL_FAST_MATH = YES;
				ONLY_ACTIVE_ARCH = YES;
				SDKROOT = iphoneos;
				SWIFT_ACTIVE_COMPILATION_CONDITIONS = DEBUG;
				SWIFT_OPTIMIZATION_LEVEL = "-Onone";
			};
			name = Debug;
		};
		2DAB2310242A8978001C0F6E /* Release */ = {
			isa = XCBuildConfiguration;
			buildSettings = {
				ALWAYS_SEARCH_USER_PATHS = NO;
				CLANG_ANALYZER_NONNULL = YES;
				CLANG_ANALYZER_NUMBER_OBJECT_CONVERSION = YES_AGGRESSIVE;
				CLANG_CXX_LANGUAGE_STANDARD = "gnu++14";
				CLANG_CXX_LIBRARY = "libc++";
				CLANG_ENABLE_MODULES = YES;
				CLANG_ENABLE_OBJC_ARC = YES;
				CLANG_ENABLE_OBJC_WEAK = YES;
				CLANG_WARN_BLOCK_CAPTURE_AUTORELEASING = YES;
				CLANG_WARN_BOOL_CONVERSION = YES;
				CLANG_WARN_COMMA = YES;
				CLANG_WARN_CONSTANT_CONVERSION = YES;
				CLANG_WARN_DEPRECATED_OBJC_IMPLEMENTATIONS = YES;
				CLANG_WARN_DIRECT_OBJC_ISA_USAGE = YES_ERROR;
				CLANG_WARN_DOCUMENTATION_COMMENTS = YES;
				CLANG_WARN_EMPTY_BODY = YES;
				CLANG_WARN_ENUM_CONVERSION = YES;
				CLANG_WARN_INFINITE_RECURSION = YES;
				CLANG_WARN_INT_CONVERSION = YES;
				CLANG_WARN_NON_LITERAL_NULL_CONVERSION = YES;
				CLANG_WARN_OBJC_IMPLICIT_RETAIN_SELF = YES;
				CLANG_WARN_OBJC_LITERAL_CONVERSION = YES;
				CLANG_WARN_OBJC_ROOT_CLASS = YES_ERROR;
				CLANG_WARN_RANGE_LOOP_ANALYSIS = YES;
				CLANG_WARN_STRICT_PROTOTYPES = YES;
				CLANG_WARN_SUSPICIOUS_MOVE = YES;
				CLANG_WARN_UNGUARDED_AVAILABILITY = YES_AGGRESSIVE;
				CLANG_WARN_UNREACHABLE_CODE = YES;
				CLANG_WARN__DUPLICATE_METHOD_MATCH = YES;
				COPY_PHASE_STRIP = NO;
				DEBUG_INFORMATION_FORMAT = "dwarf-with-dsym";
				ENABLE_NS_ASSERTIONS = NO;
				ENABLE_STRICT_OBJC_MSGSEND = YES;
				GCC_C_LANGUAGE_STANDARD = gnu11;
				GCC_NO_COMMON_BLOCKS = YES;
				GCC_WARN_64_TO_32_BIT_CONVERSION = YES;
				GCC_WARN_ABOUT_RETURN_TYPE = YES_ERROR;
				GCC_WARN_UNDECLARED_SELECTOR = YES;
				GCC_WARN_UNINITIALIZED_AUTOS = YES_AGGRESSIVE;
				GCC_WARN_UNUSED_FUNCTION = YES;
				GCC_WARN_UNUSED_VARIABLE = YES;
				IPHONEOS_DEPLOYMENT_TARGET = 13.2;
				MTL_ENABLE_DEBUG_INFO = NO;
				MTL_FAST_MATH = YES;
				SDKROOT = iphoneos;
				SWIFT_COMPILATION_MODE = wholemodule;
				SWIFT_OPTIMIZATION_LEVEL = "-O";
				VALIDATE_PRODUCT = YES;
			};
			name = Release;
		};
		2DAB2312242A8978001C0F6E /* Debug */ = {
			isa = XCBuildConfiguration;
			buildSettings = {
				ASSETCATALOG_COMPILER_APPICON_NAME = AppIcon;
				CODE_SIGN_STYLE = Automatic;
				DEVELOPMENT_TEAM = 7FFBU6H3CE;
				INFOPLIST_FILE = "FoodieSearch-rx/Info.plist";
				LD_RUNPATH_SEARCH_PATHS = (
					"$(inherited)",
					"@executable_path/Frameworks",
				);
				PRODUCT_BUNDLE_IDENTIFIER = "christianleovido.FoodieSearch-rx";
				PRODUCT_NAME = "$(TARGET_NAME)";
				SWIFT_VERSION = 5.0;
				TARGETED_DEVICE_FAMILY = "1,2";
			};
			name = Debug;
		};
		2DAB2313242A8978001C0F6E /* Release */ = {
			isa = XCBuildConfiguration;
			buildSettings = {
				ASSETCATALOG_COMPILER_APPICON_NAME = AppIcon;
				CODE_SIGN_STYLE = Automatic;
				DEVELOPMENT_TEAM = 7FFBU6H3CE;
				INFOPLIST_FILE = "FoodieSearch-rx/Info.plist";
				LD_RUNPATH_SEARCH_PATHS = (
					"$(inherited)",
					"@executable_path/Frameworks",
				);
				PRODUCT_BUNDLE_IDENTIFIER = "christianleovido.FoodieSearch-rx";
				PRODUCT_NAME = "$(TARGET_NAME)";
				SWIFT_VERSION = 5.0;
				TARGETED_DEVICE_FAMILY = "1,2";
			};
			name = Release;
		};
		2DAB2315242A8978001C0F6E /* Debug */ = {
			isa = XCBuildConfiguration;
			buildSettings = {
				ALWAYS_EMBED_SWIFT_STANDARD_LIBRARIES = YES;
				BUNDLE_LOADER = "$(TEST_HOST)";
				CODE_SIGN_STYLE = Automatic;
				DEVELOPMENT_TEAM = 7FFBU6H3CE;
				INFOPLIST_FILE = "FoodieSearch-rxTests/Info.plist";
				IPHONEOS_DEPLOYMENT_TARGET = 13.2;
				LD_RUNPATH_SEARCH_PATHS = (
					"$(inherited)",
					"@executable_path/Frameworks",
					"@loader_path/Frameworks",
				);
				PRODUCT_BUNDLE_IDENTIFIER = "christianleovido.FoodieSearch-rxTests";
				PRODUCT_NAME = "$(TARGET_NAME)";
				SWIFT_VERSION = 5.0;
				TARGETED_DEVICE_FAMILY = "1,2";
				TEST_HOST = "$(BUILT_PRODUCTS_DIR)/FoodieSearch-rx.app/FoodieSearch-rx";
			};
			name = Debug;
		};
		2DAB2316242A8978001C0F6E /* Release */ = {
			isa = XCBuildConfiguration;
			buildSettings = {
				ALWAYS_EMBED_SWIFT_STANDARD_LIBRARIES = YES;
				BUNDLE_LOADER = "$(TEST_HOST)";
				CODE_SIGN_STYLE = Automatic;
				DEVELOPMENT_TEAM = 7FFBU6H3CE;
				INFOPLIST_FILE = "FoodieSearch-rxTests/Info.plist";
				IPHONEOS_DEPLOYMENT_TARGET = 13.2;
				LD_RUNPATH_SEARCH_PATHS = (
					"$(inherited)",
					"@executable_path/Frameworks",
					"@loader_path/Frameworks",
				);
				PRODUCT_BUNDLE_IDENTIFIER = "christianleovido.FoodieSearch-rxTests";
				PRODUCT_NAME = "$(TARGET_NAME)";
				SWIFT_VERSION = 5.0;
				TARGETED_DEVICE_FAMILY = "1,2";
				TEST_HOST = "$(BUILT_PRODUCTS_DIR)/FoodieSearch-rx.app/FoodieSearch-rx";
			};
			name = Release;
		};
/* End XCBuildConfiguration section */

/* Begin XCConfigurationList section */
		2DAB22ED242A8976001C0F6E /* Build configuration list for PBXProject "FoodieSearch-rx" */ = {
			isa = XCConfigurationList;
			buildConfigurations = (
				2DAB230F242A8978001C0F6E /* Debug */,
				2DAB2310242A8978001C0F6E /* Release */,
			);
			defaultConfigurationIsVisible = 0;
			defaultConfigurationName = Release;
		};
		2DAB2311242A8978001C0F6E /* Build configuration list for PBXNativeTarget "FoodieSearch-rx" */ = {
			isa = XCConfigurationList;
			buildConfigurations = (
				2DAB2312242A8978001C0F6E /* Debug */,
				2DAB2313242A8978001C0F6E /* Release */,
			);
			defaultConfigurationIsVisible = 0;
			defaultConfigurationName = Release;
		};
		2DAB2314242A8978001C0F6E /* Build configuration list for PBXNativeTarget "FoodieSearch-rxTests" */ = {
			isa = XCConfigurationList;
			buildConfigurations = (
				2DAB2315242A8978001C0F6E /* Debug */,
				2DAB2316242A8978001C0F6E /* Release */,
			);
			defaultConfigurationIsVisible = 0;
			defaultConfigurationName = Release;
		};
/* End XCConfigurationList section */

/* Begin XCRemoteSwiftPackageReference section */
		2D201B90242A8FD400BAD11F /* XCRemoteSwiftPackageReference "RxSwift" */ = {
			isa = XCRemoteSwiftPackageReference;
			repositoryURL = "https://github.com/ReactiveX/RxSwift";
			requirement = {
				kind = upToNextMajorVersion;
				minimumVersion = 5.1.0;
			};
		};
		2D201B95242A904D00BAD11F /* XCRemoteSwiftPackageReference "Moya" */ = {
			isa = XCRemoteSwiftPackageReference;
			repositoryURL = "https://github.com/Moya/Moya";
			requirement = {
				kind = upToNextMajorVersion;
				minimumVersion = 14.0.0;
			};
		};
/* End XCRemoteSwiftPackageReference section */

/* Begin XCSwiftPackageProductDependency section */
		2D201B91242A8FD400BAD11F /* RxSwift */ = {
			isa = XCSwiftPackageProductDependency;
			package = 2D201B90242A8FD400BAD11F /* XCRemoteSwiftPackageReference "RxSwift" */;
			productName = RxSwift;
		};
		2D201B93242A8FD400BAD11F /* RxCocoa */ = {
			isa = XCSwiftPackageProductDependency;
			package = 2D201B90242A8FD400BAD11F /* XCRemoteSwiftPackageReference "RxSwift" */;
			productName = RxCocoa;
		};
		2D201B96242A904D00BAD11F /* Moya */ = {
			isa = XCSwiftPackageProductDependency;
			package = 2D201B95242A904D00BAD11F /* XCRemoteSwiftPackageReference "Moya" */;
			productName = Moya;
		};
		2D201B98242A904D00BAD11F /* RxMoya */ = {
			isa = XCSwiftPackageProductDependency;
			package = 2D201B95242A904D00BAD11F /* XCRemoteSwiftPackageReference "Moya" */;
			productName = RxMoya;
		};
		2DAA8B7B242CD5EE00D682E0 /* RxBlocking */ = {
			isa = XCSwiftPackageProductDependency;
			package = 2D201B90242A8FD400BAD11F /* XCRemoteSwiftPackageReference "RxSwift" */;
			productName = RxBlocking;
		};
		2DAA8B7D242CD5EE00D682E0 /* RxTest */ = {
			isa = XCSwiftPackageProductDependency;
			package = 2D201B90242A8FD400BAD11F /* XCRemoteSwiftPackageReference "RxSwift" */;
			productName = RxTest;
		};
/* End XCSwiftPackageProductDependency section */
	};
	rootObject = 2DAB22EA242A8976001C0F6E /* Project object */;
}
